
Microsoft Visual Studio Solution File, Format Version 12.00
# Visual Studio Version 16
VisualStudioVersion = 16.0.30225.117
MinimumVisualStudioVersion = 10.0.40219.1
Project("{FAE04EC0-301F-11D3-BF4B-00C04F79EFBC}") = "SDP", "SDP.csproj", "{4511834D-150F-48E2-9521-AAD2A69AED97}"
EndProject
Global
	GlobalSection(SolutionConfigurationPlatforms) = preSolution
		Debug|Any CPU = Debug|Any CPU
		Release|Any CPU = Release|Any CPU
	EndGlobalSection
	GlobalSection(ProjectConfigurationPlatforms) = postSolution
		{4511834D-150F-48E2-9521-AAD2A69AED97}.Debug|Any CPU.ActiveCfg = Debug|Any CPU
		{4511834D-150F-48E2-9521-AAD2A69AED97}.Debug|Any CPU.Build.0 = Debug|Any CPU
		{4511834D-150F-48E2-9521-AAD2A69AED97}.Release|Any CPU.ActiveCfg = Release|Any CPU
		{4511834D-150F-48E2-9521-AAD2A69AED97}.Release|Any CPU.Build.0 = Release|Any CPU
	EndGlobalSection
	GlobalSection(SolutionProperties) = preSolution
		HideSolutionNode = FALSE
	EndGlobalSection
	GlobalSection(ExtensibilityGlobals) = postSolution
		SolutionGuid = {386BAFA8-31BC-4A08-9B15-3CC1AB2EB556}
	EndGlobalSection
EndGlobal
